
Microsoft Visual Studio Solution File, Format Version 12.00
# Visual Studio Version 17
VisualStudioVersion = 17.13.35931.197 d17.13
MinimumVisualStudioVersion = 10.0.40219.1
Project("{FAE04EC0-301F-11D3-BF4B-00C04F79EFBC}") = "Graphical User Interface", "Graphical User Interface.csproj", "{6AE5BA0D-2474-4D9D-8432-B343E73B627F}"
EndProject
Project("{FAE04EC0-301F-11D3-BF4B-00C04F79EFBC}") = "CatalogueOfBooks", "..\CatalogueOfBooks\CatalogueOfBooks.csproj", "{AAB697B2-07C3-4672-8B06-F9817AAED4F8}"
EndProject
Global
	GlobalSection(SolutionConfigurationPlatforms) = preSolution
		Debug|Any CPU = Debug|Any CPU
		Release|Any CPU = Release|Any CPU
	EndGlobalSection
	GlobalSection(ProjectConfigurationPlatforms) = postSolution
		{6AE5BA0D-2474-4D9D-8432-B343E73B627F}.Debug|Any CPU.ActiveCfg = Debug|Any CPU
		{6AE5BA0D-2474-4D9D-8432-B343E73B627F}.Debug|Any CPU.Build.0 = Debug|Any CPU
		{6AE5BA0D-2474-4D9D-8432-B343E73B627F}.Release|Any CPU.ActiveCfg = Release|Any CPU
		{6AE5BA0D-2474-4D9D-8432-B343E73B627F}.Release|Any CPU.Build.0 = Release|Any CPU
		{AAB697B2-07C3-4672-8B06-F9817AAED4F8}.Debug|Any CPU.ActiveCfg = Debug|Any CPU
		{AAB697B2-07C3-4672-8B06-F9817AAED4F8}.Debug|Any CPU.Build.0 = Debug|Any CPU
		{AAB697B2-07C3-4672-8B06-F9817AAED4F8}.Release|Any CPU.ActiveCfg = Release|Any CPU
		{AAB697B2-07C3-4672-8B06-F9817AAED4F8}.Release|Any CPU.Build.0 = Release|Any CPU
	EndGlobalSection
	GlobalSection(SolutionProperties) = preSolution
		HideSolutionNode = FALSE
	EndGlobalSection
	GlobalSection(ExtensibilityGlobals) = postSolution
		SolutionGuid = {3C01CEDC-7C55-460E-B6E0-4FFBAA663CFA}
	EndGlobalSection
EndGlobal
